
Microsoft Visual Studio Solution File, Format Version 12.00
# Visual Studio Version 17
VisualStudioVersion = 17.5.33414.496
MinimumVisualStudioVersion = 10.0.40219.1
Project("{2150E333-8FDC-42A3-9474-1A3956D46DE8}") = "Framework", "Framework", "{506ED6C6-6671-43EC-98A9-5FBF14201B62}"
EndProject
Project("{9A19103F-16F7-4668-BE54-9A1E7A4F7556}") = "Incoding.Web", "Incoding.Web\Incoding.Web.csproj", "{7FE49241-90AD-4BD2-BFF5-4E49E5238031}"
EndProject
Project("{9A19103F-16F7-4668-BE54-9A1E7A4F7556}") = "Incoding.Core", "Incoding.Core\Incoding.Core.csproj", "{A6C75E3B-28AC-4EA3-99B5-014C3541657B}"
EndProject
Project("{9A19103F-16F7-4668-BE54-9A1E7A4F7556}") = "Incoding.Data", "Incoding.Data\Incoding.Data.csproj", "{7FA0F901-5A61-4EBA-8D3F-739FE4394A7F}"
EndProject
Project("{9A19103F-16F7-4668-BE54-9A1E7A4F7556}") = "Incoding.WebTest", "Incoding.WebTest\Incoding.WebTest.csproj", "{FD898759-A664-4053-B750-B89BD5EBAD70}"
EndProject
Project("{9A19103F-16F7-4668-BE54-9A1E7A4F7556}") = "Incoding.UnitTestsCore", "Incoding.UnitTestsCore\Incoding.UnitTestsCore.csproj", "{5161D152-6803-46E4-B3E2-ABB8727C91E5}"
EndProject
Project("{9A19103F-16F7-4668-BE54-9A1E7A4F7556}") = "Incoding.Data.EF", "Incoding.Data.EF\Incoding.Data.EF.csproj", "{923ECD3D-3BF3-41EA-8359-1117C72AC9BD}"
EndProject
Project("{9A19103F-16F7-4668-BE54-9A1E7A4F7556}") = "Incoding.Data.Mongo", "Incoding.Data.Mongo\Incoding.Data.Mongo.csproj", "{65546B67-1D7A-4127-8C33-197819DAD18F}"
EndProject
Project("{9A19103F-16F7-4668-BE54-9A1E7A4F7556}") = "Incoding.Data.Raven", "Incoding.Data.Raven\Incoding.Data.Raven.csproj", "{261F1844-E79E-43D5-9A3B-D0E5F6768291}"
EndProject
Project("{9A19103F-16F7-4668-BE54-9A1E7A4F7556}") = "Incoding.Core.Caching.Memcached", "Incoding.Core.Caching.Memcached\Incoding.Core.Caching.Memcached.csproj", "{D04DC0E2-D7B0-4CD8-A3B9-01465F730A09}"
EndProject
Project("{9A19103F-16F7-4668-BE54-9A1E7A4F7556}") = "Incoding.Core.IoC.SimpleInjector", "Incoding.Core.IoC.SimpleInjector\Incoding.Core.IoC.SimpleInjector.csproj", "{B44D9211-9916-4B60-A013-B89F433CA3F9}"
EndProject
Project("{2150E333-8FDC-42A3-9474-1A3956D46DE8}") = "Providers", "Providers", "{540D8C0B-630F-48A8-875B-8CFA62F498E2}"
EndProject
Project("{2150E333-8FDC-42A3-9474-1A3956D46DE8}") = "Testing", "Testing", "{81999E6B-994A-4762-A4E3-AB5AC3BAE569}"
EndProject
Project("{9A19103F-16F7-4668-BE54-9A1E7A4F7556}") = "Incoding.UnitTests.MSpec", "Incoding.UnitTests.MSpec\Incoding.UnitTests.MSpec.csproj", "{10BC0CA7-2CE3-4033-9C1E-9DCD05FCE628}"
EndProject
Project("{2150E333-8FDC-42A3-9474-1A3956D46DE8}") = "Additions", "Additions", "{67D8F2AA-0AF2-433B-8BF4-8CFCC8C9AAD0}"
EndProject
Project("{9A19103F-16F7-4668-BE54-9A1E7A4F7556}") = "Incoding.Web.Grid", "Incoding.Web.Grid\Incoding.Web.Grid.csproj", "{27F511B9-B8F0-42D8-8D65-5BF69B0408D7}"
EndProject
Project("{9A19103F-16F7-4668-BE54-9A1E7A4F7556}") = "Incoding.Web.Grid.Demo", "Incoding.Web.Grid.Demo\Incoding.Web.Grid.Demo.csproj", "{919E169A-B7FF-4CB7-8638-AC3BC68F7E8A}"
EndProject
Project("{9A19103F-16F7-4668-BE54-9A1E7A4F7556}") = "Incoding.Data.NHibernate", "Incoding.Data.NHibernate\Incoding.Data.NHibernate.csproj", "{5D9E0EB3-4339-42DA-B5C2-9D4FF667D7D9}"
EndProject
Project("{9A19103F-16F7-4668-BE54-9A1E7A4F7556}") = "Incoding.WebTest30", "Incoding.WebTest30\Incoding.WebTest30.csproj", "{1034B194-0FC0-42E9-9863-759E24ED591E}"
EndProject
Project("{9A19103F-16F7-4668-BE54-9A1E7A4F7556}") = "Incoding.WebTest60", "Incoding.WebTest60\Incoding.WebTest60.csproj", "{B497ED7B-5C99-4DBC-8297-C123F977FBEE}"
EndProject
Project("{FAE04EC0-301F-11D3-BF4B-00C04F79EFBC}") = "Incoding.WebTest80", "Incoding.WebTest80\Incoding.WebTest80.csproj", "{73B44642-52A9-4655-BF44-50D8A7ACEAD5}"
EndProject
Global
	GlobalSection(SolutionConfigurationPlatforms) = preSolution
		Debug|Any CPU = Debug|Any CPU
		Publish|Any CPU = Publish|Any CPU
		Release|Any CPU = Release|Any CPU
	EndGlobalSection
	GlobalSection(ProjectConfigurationPlatforms) = postSolution
		{7FE49241-90AD-4BD2-BFF5-4E49E5238031}.Debug|Any CPU.ActiveCfg = Debug|Any CPU
		{7FE49241-90AD-4BD2-BFF5-4E49E5238031}.Debug|Any CPU.Build.0 = Debug|Any CPU
		{7FE49241-90AD-4BD2-BFF5-4E49E5238031}.Publish|Any CPU.ActiveCfg = Debug|Any CPU
		{7FE49241-90AD-4BD2-BFF5-4E49E5238031}.Publish|Any CPU.Build.0 = Debug|Any CPU
		{7FE49241-90AD-4BD2-BFF5-4E49E5238031}.Release|Any CPU.ActiveCfg = Release|Any CPU
		{7FE49241-90AD-4BD2-BFF5-4E49E5238031}.Release|Any CPU.Build.0 = Release|Any CPU
		{A6C75E3B-28AC-4EA3-99B5-014C3541657B}.Debug|Any CPU.ActiveCfg = Debug|Any CPU
		{A6C75E3B-28AC-4EA3-99B5-014C3541657B}.Debug|Any CPU.Build.0 = Debug|Any CPU
		{A6C75E3B-28AC-4EA3-99B5-014C3541657B}.Publish|Any CPU.ActiveCfg = Debug|Any CPU
		{A6C75E3B-28AC-4EA3-99B5-014C3541657B}.Publish|Any CPU.Build.0 = Debug|Any CPU
		{A6C75E3B-28AC-4EA3-99B5-014C3541657B}.Release|Any CPU.ActiveCfg = Release|Any CPU
		{A6C75E3B-28AC-4EA3-99B5-014C3541657B}.Release|Any CPU.Build.0 = Release|Any CPU
		{7FA0F901-5A61-4EBA-8D3F-739FE4394A7F}.Debug|Any CPU.ActiveCfg = Debug|Any CPU
		{7FA0F901-5A61-4EBA-8D3F-739FE4394A7F}.Debug|Any CPU.Build.0 = Debug|Any CPU
		{7FA0F901-5A61-4EBA-8D3F-739FE4394A7F}.Publish|Any CPU.ActiveCfg = Debug|Any CPU
		{7FA0F901-5A61-4EBA-8D3F-739FE4394A7F}.Publish|Any CPU.Build.0 = Debug|Any CPU
		{7FA0F901-5A61-4EBA-8D3F-739FE4394A7F}.Release|Any CPU.ActiveCfg = Release|Any CPU
		{7FA0F901-5A61-4EBA-8D3F-739FE4394A7F}.Release|Any CPU.Build.0 = Release|Any CPU
		{FD898759-A664-4053-B750-B89BD5EBAD70}.Debug|Any CPU.ActiveCfg = Debug|Any CPU
		{FD898759-A664-4053-B750-B89BD5EBAD70}.Debug|Any CPU.Build.0 = Debug|Any CPU
		{FD898759-A664-4053-B750-B89BD5EBAD70}.Publish|Any CPU.ActiveCfg = Debug|Any CPU
		{FD898759-A664-4053-B750-B89BD5EBAD70}.Publish|Any CPU.Build.0 = Debug|Any CPU
		{FD898759-A664-4053-B750-B89BD5EBAD70}.Release|Any CPU.ActiveCfg = Release|Any CPU
		{FD898759-A664-4053-B750-B89BD5EBAD70}.Release|Any CPU.Build.0 = Release|Any CPU
		{5161D152-6803-46E4-B3E2-ABB8727C91E5}.Debug|Any CPU.ActiveCfg = Debug|Any CPU
		{5161D152-6803-46E4-B3E2-ABB8727C91E5}.Debug|Any CPU.Build.0 = Debug|Any CPU
		{5161D152-6803-46E4-B3E2-ABB8727C91E5}.Publish|Any CPU.ActiveCfg = Debug|Any CPU
		{5161D152-6803-46E4-B3E2-ABB8727C91E5}.Publish|Any CPU.Build.0 = Debug|Any CPU
		{5161D152-6803-46E4-B3E2-ABB8727C91E5}.Release|Any CPU.ActiveCfg = Release|Any CPU
		{5161D152-6803-46E4-B3E2-ABB8727C91E5}.Release|Any CPU.Build.0 = Release|Any CPU
		{923ECD3D-3BF3-41EA-8359-1117C72AC9BD}.Debug|Any CPU.ActiveCfg = Debug|Any CPU
		{923ECD3D-3BF3-41EA-8359-1117C72AC9BD}.Debug|Any CPU.Build.0 = Debug|Any CPU
		{923ECD3D-3BF3-41EA-8359-1117C72AC9BD}.Publish|Any CPU.ActiveCfg = Debug|Any CPU
		{923ECD3D-3BF3-41EA-8359-1117C72AC9BD}.Publish|Any CPU.Build.0 = Debug|Any CPU
		{923ECD3D-3BF3-41EA-8359-1117C72AC9BD}.Release|Any CPU.ActiveCfg = Release|Any CPU
		{923ECD3D-3BF3-41EA-8359-1117C72AC9BD}.Release|Any CPU.Build.0 = Release|Any CPU
		{65546B67-1D7A-4127-8C33-197819DAD18F}.Debug|Any CPU.ActiveCfg = Debug|Any CPU
		{65546B67-1D7A-4127-8C33-197819DAD18F}.Debug|Any CPU.Build.0 = Debug|Any CPU
		{65546B67-1D7A-4127-8C33-197819DAD18F}.Publish|Any CPU.ActiveCfg = Debug|Any CPU
		{65546B67-1D7A-4127-8C33-197819DAD18F}.Publish|Any CPU.Build.0 = Debug|Any CPU
		{65546B67-1D7A-4127-8C33-197819DAD18F}.Release|Any CPU.ActiveCfg = Release|Any CPU
		{65546B67-1D7A-4127-8C33-197819DAD18F}.Release|Any CPU.Build.0 = Release|Any CPU
		{261F1844-E79E-43D5-9A3B-D0E5F6768291}.Debug|Any CPU.ActiveCfg = Debug|Any CPU
		{261F1844-E79E-43D5-9A3B-D0E5F6768291}.Debug|Any CPU.Build.0 = Debug|Any CPU
		{261F1844-E79E-43D5-9A3B-D0E5F6768291}.Publish|Any CPU.ActiveCfg = Debug|Any CPU
		{261F1844-E79E-43D5-9A3B-D0E5F6768291}.Publish|Any CPU.Build.0 = Debug|Any CPU
		{261F1844-E79E-43D5-9A3B-D0E5F6768291}.Release|Any CPU.ActiveCfg = Release|Any CPU
		{261F1844-E79E-43D5-9A3B-D0E5F6768291}.Release|Any CPU.Build.0 = Release|Any CPU
		{D04DC0E2-D7B0-4CD8-A3B9-01465F730A09}.Debug|Any CPU.ActiveCfg = Debug|Any CPU
		{D04DC0E2-D7B0-4CD8-A3B9-01465F730A09}.Debug|Any CPU.Build.0 = Debug|Any CPU
		{D04DC0E2-D7B0-4CD8-A3B9-01465F730A09}.Publish|Any CPU.ActiveCfg = Debug|Any CPU
		{D04DC0E2-D7B0-4CD8-A3B9-01465F730A09}.Publish|Any CPU.Build.0 = Debug|Any CPU
		{D04DC0E2-D7B0-4CD8-A3B9-01465F730A09}.Release|Any CPU.ActiveCfg = Release|Any CPU
		{D04DC0E2-D7B0-4CD8-A3B9-01465F730A09}.Release|Any CPU.Build.0 = Release|Any CPU
		{B44D9211-9916-4B60-A013-B89F433CA3F9}.Debug|Any CPU.ActiveCfg = Debug|Any CPU
		{B44D9211-9916-4B60-A013-B89F433CA3F9}.Debug|Any CPU.Build.0 = Debug|Any CPU
		{B44D9211-9916-4B60-A013-B89F433CA3F9}.Publish|Any CPU.ActiveCfg = Debug|Any CPU
		{B44D9211-9916-4B60-A013-B89F433CA3F9}.Publish|Any CPU.Build.0 = Debug|Any CPU
		{B44D9211-9916-4B60-A013-B89F433CA3F9}.Release|Any CPU.ActiveCfg = Release|Any CPU
		{B44D9211-9916-4B60-A013-B89F433CA3F9}.Release|Any CPU.Build.0 = Release|Any CPU
		{10BC0CA7-2CE3-4033-9C1E-9DCD05FCE628}.Debug|Any CPU.ActiveCfg = Debug|Any CPU
		{10BC0CA7-2CE3-4033-9C1E-9DCD05FCE628}.Debug|Any CPU.Build.0 = Debug|Any CPU
		{10BC0CA7-2CE3-4033-9C1E-9DCD05FCE628}.Publish|Any CPU.ActiveCfg = Debug|Any CPU
		{10BC0CA7-2CE3-4033-9C1E-9DCD05FCE628}.Publish|Any CPU.Build.0 = Debug|Any CPU
		{10BC0CA7-2CE3-4033-9C1E-9DCD05FCE628}.Release|Any CPU.ActiveCfg = Release|Any CPU
		{10BC0CA7-2CE3-4033-9C1E-9DCD05FCE628}.Release|Any CPU.Build.0 = Release|Any CPU
		{27F511B9-B8F0-42D8-8D65-5BF69B0408D7}.Debug|Any CPU.ActiveCfg = Debug|Any CPU
		{27F511B9-B8F0-42D8-8D65-5BF69B0408D7}.Debug|Any CPU.Build.0 = Debug|Any CPU
		{27F511B9-B8F0-42D8-8D65-5BF69B0408D7}.Publish|Any CPU.ActiveCfg = Debug|Any CPU
		{27F511B9-B8F0-42D8-8D65-5BF69B0408D7}.Publish|Any CPU.Build.0 = Debug|Any CPU
		{27F511B9-B8F0-42D8-8D65-5BF69B0408D7}.Release|Any CPU.ActiveCfg = Release|Any CPU
		{27F511B9-B8F0-42D8-8D65-5BF69B0408D7}.Release|Any CPU.Build.0 = Release|Any CPU
		{919E169A-B7FF-4CB7-8638-AC3BC68F7E8A}.Debug|Any CPU.ActiveCfg = Debug|Any CPU
		{919E169A-B7FF-4CB7-8638-AC3BC68F7E8A}.Debug|Any CPU.Build.0 = Debug|Any CPU
		{919E169A-B7FF-4CB7-8638-AC3BC68F7E8A}.Publish|Any CPU.ActiveCfg = Debug|Any CPU
		{919E169A-B7FF-4CB7-8638-AC3BC68F7E8A}.Publish|Any CPU.Build.0 = Debug|Any CPU
		{919E169A-B7FF-4CB7-8638-AC3BC68F7E8A}.Release|Any CPU.ActiveCfg = Release|Any CPU
		{919E169A-B7FF-4CB7-8638-AC3BC68F7E8A}.Release|Any CPU.Build.0 = Release|Any CPU
		{5D9E0EB3-4339-42DA-B5C2-9D4FF667D7D9}.Debug|Any CPU.ActiveCfg = Debug|Any CPU
		{5D9E0EB3-4339-42DA-B5C2-9D4FF667D7D9}.Debug|Any CPU.Build.0 = Debug|Any CPU
		{5D9E0EB3-4339-42DA-B5C2-9D4FF667D7D9}.Publish|Any CPU.ActiveCfg = Debug|Any CPU
		{5D9E0EB3-4339-42DA-B5C2-9D4FF667D7D9}.Publish|Any CPU.Build.0 = Debug|Any CPU
		{5D9E0EB3-4339-42DA-B5C2-9D4FF667D7D9}.Release|Any CPU.ActiveCfg = Release|Any CPU
		{5D9E0EB3-4339-42DA-B5C2-9D4FF667D7D9}.Release|Any CPU.Build.0 = Release|Any CPU
		{1034B194-0FC0-42E9-9863-759E24ED591E}.Debug|Any CPU.ActiveCfg = Debug|Any CPU
		{1034B194-0FC0-42E9-9863-759E24ED591E}.Debug|Any CPU.Build.0 = Debug|Any CPU
		{1034B194-0FC0-42E9-9863-759E24ED591E}.Publish|Any CPU.ActiveCfg = Debug|Any CPU
		{1034B194-0FC0-42E9-9863-759E24ED591E}.Publish|Any CPU.Build.0 = Debug|Any CPU
		{1034B194-0FC0-42E9-9863-759E24ED591E}.Release|Any CPU.ActiveCfg = Release|Any CPU
		{1034B194-0FC0-42E9-9863-759E24ED591E}.Release|Any CPU.Build.0 = Release|Any CPU
		{B497ED7B-5C99-4DBC-8297-C123F977FBEE}.Debug|Any CPU.ActiveCfg = Debug|Any CPU
		{B497ED7B-5C99-4DBC-8297-C123F977FBEE}.Debug|Any CPU.Build.0 = Debug|Any CPU
		{B497ED7B-5C99-4DBC-8297-C123F977FBEE}.Publish|Any CPU.ActiveCfg = Debug|Any CPU
		{B497ED7B-5C99-4DBC-8297-C123F977FBEE}.Publish|Any CPU.Build.0 = Debug|Any CPU
		{B497ED7B-5C99-4DBC-8297-C123F977FBEE}.Release|Any CPU.ActiveCfg = Release|Any CPU
		{B497ED7B-5C99-4DBC-8297-C123F977FBEE}.Release|Any CPU.Build.0 = Release|Any CPU
		{73B44642-52A9-4655-BF44-50D8A7ACEAD5}.Debug|Any CPU.ActiveCfg = Debug|Any CPU
		{73B44642-52A9-4655-BF44-50D8A7ACEAD5}.Debug|Any CPU.Build.0 = Debug|Any CPU
		{73B44642-52A9-4655-BF44-50D8A7ACEAD5}.Publish|Any CPU.ActiveCfg = Debug|Any CPU
		{73B44642-52A9-4655-BF44-50D8A7ACEAD5}.Publish|Any CPU.Build.0 = Debug|Any CPU
		{73B44642-52A9-4655-BF44-50D8A7ACEAD5}.Release|Any CPU.ActiveCfg = Release|Any CPU
		{73B44642-52A9-4655-BF44-50D8A7ACEAD5}.Release|Any CPU.Build.0 = Release|Any CPU
	EndGlobalSection
	GlobalSection(SolutionProperties) = preSolution
		HideSolutionNode = FALSE
	EndGlobalSection
	GlobalSection(NestedProjects) = preSolution
		{7FE49241-90AD-4BD2-BFF5-4E49E5238031} = {506ED6C6-6671-43EC-98A9-5FBF14201B62}
		{A6C75E3B-28AC-4EA3-99B5-014C3541657B} = {506ED6C6-6671-43EC-98A9-5FBF14201B62}
		{7FA0F901-5A61-4EBA-8D3F-739FE4394A7F} = {506ED6C6-6671-43EC-98A9-5FBF14201B62}
		{FD898759-A664-4053-B750-B89BD5EBAD70} = {81999E6B-994A-4762-A4E3-AB5AC3BAE569}
		{5161D152-6803-46E4-B3E2-ABB8727C91E5} = {81999E6B-994A-4762-A4E3-AB5AC3BAE569}
		{923ECD3D-3BF3-41EA-8359-1117C72AC9BD} = {540D8C0B-630F-48A8-875B-8CFA62F498E2}
		{65546B67-1D7A-4127-8C33-197819DAD18F} = {540D8C0B-630F-48A8-875B-8CFA62F498E2}
		{261F1844-E79E-43D5-9A3B-D0E5F6768291} = {540D8C0B-630F-48A8-875B-8CFA62F498E2}
		{D04DC0E2-D7B0-4CD8-A3B9-01465F730A09} = {540D8C0B-630F-48A8-875B-8CFA62F498E2}
		{B44D9211-9916-4B60-A013-B89F433CA3F9} = {540D8C0B-630F-48A8-875B-8CFA62F498E2}
		{540D8C0B-630F-48A8-875B-8CFA62F498E2} = {506ED6C6-6671-43EC-98A9-5FBF14201B62}
		{10BC0CA7-2CE3-4033-9C1E-9DCD05FCE628} = {506ED6C6-6671-43EC-98A9-5FBF14201B62}
		{27F511B9-B8F0-42D8-8D65-5BF69B0408D7} = {67D8F2AA-0AF2-433B-8BF4-8CFCC8C9AAD0}
		{919E169A-B7FF-4CB7-8638-AC3BC68F7E8A} = {67D8F2AA-0AF2-433B-8BF4-8CFCC8C9AAD0}
		{5D9E0EB3-4339-42DA-B5C2-9D4FF667D7D9} = {540D8C0B-630F-48A8-875B-8CFA62F498E2}
		{1034B194-0FC0-42E9-9863-759E24ED591E} = {81999E6B-994A-4762-A4E3-AB5AC3BAE569}
		{B497ED7B-5C99-4DBC-8297-C123F977FBEE} = {81999E6B-994A-4762-A4E3-AB5AC3BAE569}
		{73B44642-52A9-4655-BF44-50D8A7ACEAD5} = {81999E6B-994A-4762-A4E3-AB5AC3BAE569}
	EndGlobalSection
	GlobalSection(ExtensibilityGlobals) = postSolution
		BuildVersion_UpdateAssemblyVersion = False
		BuildVersion_UpdateFileVersion = False
		BuildVersion_BuildAction = ReBuild
		BuildVersion_IncrementBeforeBuild = True
		BuildVersion_DetectChanges = True
		BuildVersion_BuildVersioningStyle = None.None.None.None
		SolutionGuid = {834D889F-F4B3-4006-83EC-584703FCCDA2}
	EndGlobalSection
	GlobalSection(NDepend) = preSolution
		Project = ".\IncFramework.ndproj"
	EndGlobalSection
EndGlobal
